// !$*UTF8*$!
{
	archiveVersion = 1;
	classes = {
	};
	objectVersion = 48;
	objects = {

/* Begin PBXBuildFile section */
		9D219A5D21A5CEAA00E6D89A /* AppDelegate.swift in Sources */ = {isa = PBXBuildFile; fileRef = 9D219A5C21A5CEAA00E6D89A /* AppDelegate.swift */; };
		9D219A5F21A5CEAA00E6D89A /* ViewController.swift in Sources */ = {isa = PBXBuildFile; fileRef = 9D219A5E21A5CEAA00E6D89A /* ViewController.swift */; };
		9D219A6221A5CEAB00E6D89A /* Main.storyboard in Resources */ = {isa = PBXBuildFile; fileRef = 9D219A6021A5CEAB00E6D89A /* Main.storyboard */; };
		9D219A6521A5CEAB00E6D89A /* PokemonGo.xcdatamodeld in Sources */ = {isa = PBXBuildFile; fileRef = 9D219A6321A5CEAB00E6D89A /* PokemonGo.xcdatamodeld */; };
		9D219A6721A5CEAB00E6D89A /* Assets.xcassets in Resources */ = {isa = PBXBuildFile; fileRef = 9D219A6621A5CEAB00E6D89A /* Assets.xcassets */; };
		9D219A6A21A5CEAB00E6D89A /* LaunchScreen.storyboard in Resources */ = {isa = PBXBuildFile; fileRef = 9D219A6821A5CEAB00E6D89A /* LaunchScreen.storyboard */; };
		9D219A7321A5CFB500E6D89A /* MapKit.framework in Frameworks */ = {isa = PBXBuildFile; fileRef = 9D219A7221A5CFB500E6D89A /* MapKit.framework */; };
		9D219A7721A5DFEA00E6D89A /* PokedexViewController.swift in Sources */ = {isa = PBXBuildFile; fileRef = 9D219A7621A5DFEA00E6D89A /* PokedexViewController.swift */; };
		9D219A7921A5EE0B00E6D89A /* Funciones.swift in Sources */ = {isa = PBXBuildFile; fileRef = 9D219A7821A5EE0B00E6D89A /* Funciones.swift */; };
		9D219A7B21A5FE7800E6D89A /* PokePin.swift in Sources */ = {isa = PBXBuildFile; fileRef = 9D219A7A21A5FE7800E6D89A /* PokePin.swift */; };
/* End PBXBuildFile section */

/* Begin PBXFileReference section */
		9D219A5921A5CEAA00E6D89A /* PokemonGo.app */ = {isa = PBXFileReference; explicitFileType = wrapper.application; includeInIndex = 0; path = PokemonGo.app; sourceTree = BUILT_PRODUCTS_DIR; };
		9D219A5C21A5CEAA00E6D89A /* AppDelegate.swift */ = {isa = PBXFileReference; lastKnownFileType = sourcecode.swift; path = AppDelegate.swift; sourceTree = "<group>"; };
		9D219A5E21A5CEAA00E6D89A /* ViewController.swift */ = {isa = PBXFileReference; lastKnownFileType = sourcecode.swift; path = ViewController.swift; sourceTree = "<group>"; };
		9D219A6121A5CEAB00E6D89A /* Base */ = {isa = PBXFileReference; lastKnownFileType = file.storyboard; name = Base; path = Base.lproj/Main.storyboard; sourceTree = "<group>"; };
		9D219A6421A5CEAB00E6D89A /* PokemonGo.xcdatamodel */ = {isa = PBXFileReference; lastKnownFileType = wrapper.xcdatamodel; path = PokemonGo.xcdatamodel; sourceTree = "<group>"; };
		9D219A6621A5CEAB00E6D89A /* Assets.xcassets */ = {isa = PBXFileReference; lastKnownFileType = folder.assetcatalog; path = Assets.xcassets; sourceTree = "<group>"; };
		9D219A6921A5CEAB00E6D89A /* Base */ = {isa = PBXFileReference; lastKnownFileType = file.storyboard; name = Base; path = Base.lproj/LaunchScreen.storyboard; sourceTree = "<group>"; };
		9D219A6B21A5CEAB00E6D89A /* Info.plist */ = {isa = PBXFileReference; lastKnownFileType = text.plist.xml; path = Info.plist; sourceTree = "<group>"; };
		9D219A7221A5CFB500E6D89A /* MapKit.framework */ = {isa = PBXFileReference; lastKnownFileType = wrapper.framework; name = MapKit.framework; path = System/Library/Frameworks/MapKit.framework; sourceTree = SDKROOT; };
		9D219A7621A5DFEA00E6D89A /* PokedexViewController.swift */ = {isa = PBXFileReference; lastKnownFileType = sourcecode.swift; path = PokedexViewController.swift; sourceTree = "<group>"; };
		9D219A7821A5EE0B00E6D89A /* Funciones.swift */ = {isa = PBXFileReference; lastKnownFileType = sourcecode.swift; path = Funciones.swift; sourceTree = "<group>"; };
		9D219A7A21A5FE7800E6D89A /* PokePin.swift */ = {isa = PBXFileReference; lastKnownFileType = sourcecode.swift; path = PokePin.swift; sourceTree = "<group>"; };
/* End PBXFileReference section */

/* Begin PBXFrameworksBuildPhase section */
		9D219A5621A5CEAA00E6D89A /* Frameworks */ = {
			isa = PBXFrameworksBuildPhase;
			buildActionMask = 2147483647;
			files = (
				9D219A7321A5CFB500E6D89A /* MapKit.framework in Frameworks */,
			);
			runOnlyForDeploymentPostprocessing = 0;
		};
/* End PBXFrameworksBuildPhase section */

/* Begin PBXGroup section */
		9D219A5021A5CEAA00E6D89A = {
			isa = PBXGroup;
			children = (
				9D219A5B21A5CEAA00E6D89A /* PokemonGo */,
				9D219A5A21A5CEAA00E6D89A /* Products */,
				9D219A7121A5CFB500E6D89A /* Frameworks */,
			);
			sourceTree = "<group>";
		};
		9D219A5A21A5CEAA00E6D89A /* Products */ = {
			isa = PBXGroup;
			children = (
				9D219A5921A5CEAA00E6D89A /* PokemonGo.app */,
			);
			name = Products;
			sourceTree = "<group>";
		};
		9D219A5B21A5CEAA00E6D89A /* PokemonGo */ = {
			isa = PBXGroup;
			children = (
				9D219A5C21A5CEAA00E6D89A /* AppDelegate.swift */,
				9D219A5E21A5CEAA00E6D89A /* ViewController.swift */,
				9D219A6021A5CEAB00E6D89A /* Main.storyboard */,
				9D219A6621A5CEAB00E6D89A /* Assets.xcassets */,
				9D219A6821A5CEAB00E6D89A /* LaunchScreen.storyboard */,
				9D219A6B21A5CEAB00E6D89A /* Info.plist */,
				9D219A6321A5CEAB00E6D89A /* PokemonGo.xcdatamodeld */,
				9D219A7621A5DFEA00E6D89A /* PokedexViewController.swift */,
				9D219A7821A5EE0B00E6D89A /* Funciones.swift */,
				9D219A7A21A5FE7800E6D89A /* PokePin.swift */,
			);
			path = PokemonGo;
			sourceTree = "<group>";
		};
		9D219A7121A5CFB500E6D89A /* Frameworks */ = {
			isa = PBXGroup;
			children = (
				9D219A7221A5CFB500E6D89A /* MapKit.framework */,
			);
			name = Frameworks;
			sourceTree = "<group>";
		};
/* End PBXGroup section */

/* Begin PBXNativeTarget section */
		9D219A5821A5CEAA00E6D89A /* PokemonGo */ = {
			isa = PBXNativeTarget;
			buildConfigurationList = 9D219A6E21A5CEAB00E6D89A /* Build configuration list for PBXNativeTarget "PokemonGo" */;
			buildPhases = (
				9D219A5521A5CEAA00E6D89A /* Sources */,
				9D219A5621A5CEAA00E6D89A /* Frameworks */,
				9D219A5721A5CEAA00E6D89A /* Resources */,
			);
			buildRules = (
			);
			dependencies = (
			);
			name = PokemonGo;
			productName = PokemonGo;
			productReference = 9D219A5921A5CEAA00E6D89A /* PokemonGo.app */;
			productType = "com.apple.product-type.application";
		};
/* End PBXNativeTarget section */

/* Begin PBXProject section */
		9D219A5121A5CEAA00E6D89A /* Project object */ = {
			isa = PBXProject;
			attributes = {
				LastSwiftUpdateCheck = 0920;
				LastUpgradeCheck = 0920;
				ORGANIZATIONNAME = "Fernanda Alvarado";
				TargetAttributes = {
					9D219A5821A5CEAA00E6D89A = {
						CreatedOnToolsVersion = 9.2;
						ProvisioningStyle = Automatic;
					};
				};
			};
			buildConfigurationList = 9D219A5421A5CEAA00E6D89A /* Build configuration list for PBXProject "PokemonGo" */;
			compatibilityVersion = "Xcode 8.0";
			developmentRegion = en;
			hasScannedForEncodings = 0;
			knownRegions = (
				en,
				Base,
			);
			mainGroup = 9D219A5021A5CEAA00E6D89A;
			productRefGroup = 9D219A5A21A5CEAA00E6D89A /* Products */;
			projectDirPath = "";
			projectRoot = "";
			targets = (
				9D219A5821A5CEAA00E6D89A /* PokemonGo */,
			);
		};
/* End PBXProject section */

/* Begin PBXResourcesBuildPhase section */
		9D219A5721A5CEAA00E6D89A /* Resources */ = {
			isa = PBXResourcesBuildPhase;
			buildActionMask = 2147483647;
			files = (
				9D219A6A21A5CEAB00E6D89A /* LaunchScreen.storyboard in Resources */,
				9D219A6721A5CEAB00E6D89A /* Assets.xcassets in Resources */,
				9D219A6221A5CEAB00E6D89A /* Main.storyboard in Resources */,
			);
			runOnlyForDeploymentPostprocessing = 0;
		};
/* End PBXResourcesBuildPhase section */

/* Begin PBXSourcesBuildPhase section */
		9D219A5521A5CEAA00E6D89A /* Sources */ = {
			isa = PBXSourcesBuildPhase;
			buildActionMask = 2147483647;
			files = (
				9D219A7B21A5FE7800E6D89A /* PokePin.swift in Sources */,
				9D219A5F21A5CEAA00E6D89A /* ViewController.swift in Sources */,
				9D219A7721A5DFEA00E6D89A /* PokedexViewController.swift in Sources */,
				9D219A5D21A5CEAA00E6D89A /* AppDelegate.swift in Sources */,
				9D219A6521A5CEAB00E6D89A /* PokemonGo.xcdatamodeld in Sources */,
				9D219A7921A5EE0B00E6D89A /* Funciones.swift in Sources */,
			);
			runOnlyForDeploymentPostprocessing = 0;
		};
/* End PBXSourcesBuildPhase section */

/* Begin PBXVariantGroup section */
		9D219A6021A5CEAB00E6D89A /* Main.storyboard */ = {
			isa = PBXVariantGroup;
			children = (
				9D219A6121A5CEAB00E6D89A /* Base */,
			);
			name = Main.storyboard;
			sourceTree = "<group>";
		};
		9D219A6821A5CEAB00E6D89A /* LaunchScreen.storyboard */ = {
			isa = PBXVariantGroup;
			children = (
				9D219A6921A5CEAB00E6D89A /* Base */,
			);
			name = LaunchScreen.storyboard;
			sourceTree = "<group>";
		};
/* End PBXVariantGroup section */

/* Begin XCBuildConfiguration section */
		9D219A6C21A5CEAB00E6D89A /* Debug */ = {
			isa = XCBuildConfiguration;
			buildSettings = {
				ALWAYS_SEARCH_USER_PATHS = NO;
				CLANG_ANALYZER_NONNULL = YES;
				CLANG_ANALYZER_NUMBER_OBJECT_CONVERSION = YES_AGGRESSIVE;
				CLANG_CXX_LANGUAGE_STANDARD = "gnu++14";
				CLANG_CXX_LIBRARY = "libc++";
				CLANG_ENABLE_MODULES = YES;
				CLANG_ENABLE_OBJC_ARC = YES;
				CLANG_WARN_BLOCK_CAPTURE_AUTORELEASING = YES;
				CLANG_WARN_BOOL_CONVERSION = YES;
				CLANG_WARN_COMMA = YES;
				CLANG_WARN_CONSTANT_CONVERSION = YES;
				CLANG_WARN_DIRECT_OBJC_ISA_USAGE = YES_ERROR;
				CLANG_WARN_DOCUMENTATION_COMMENTS = YES;
				CLANG_WARN_EMPTY_BODY = YES;
				CLANG_WARN_ENUM_CONVERSION = YES;
				CLANG_WARN_INFINITE_RECURSION = YES;
				CLANG_WARN_INT_CONVERSION = YES;
				CLANG_WARN_NON_LITERAL_NULL_CONVERSION = YES;
				CLANG_WARN_OBJC_LITERAL_CONVERSION = YES;
				CLANG_WARN_OBJC_ROOT_CLASS = YES_ERROR;
				CLANG_WARN_RANGE_LOOP_ANALYSIS = YES;
				CLANG_WARN_STRICT_PROTOTYPES = YES;
				CLANG_WARN_SUSPICIOUS_MOVE = YES;
				CLANG_WARN_UNGUARDED_AVAILABILITY = YES_AGGRESSIVE;
				CLANG_WARN_UNREACHABLE_CODE = YES;
				CLANG_WARN__DUPLICATE_METHOD_MATCH = YES;
				CODE_SIGN_IDENTITY = "iPhone Developer";
				COPY_PHASE_STRIP = NO;
				DEBUG_INFORMATION_FORMAT = dwarf;
				ENABLE_STRICT_OBJC_MSGSEND = YES;
				ENABLE_TESTABILITY = YES;
				GCC_C_LANGUAGE_STANDARD = gnu11;
				GCC_DYNAMIC_NO_PIC = NO;
				GCC_NO_COMMON_BLOCKS = YES;
				GCC_OPTIMIZATION_LEVEL = 0;
				GCC_PREPROCESSOR_DEFINITIONS = (
					"DEBUG=1",
					"$(inherited)",
				);
				GCC_WARN_64_TO_32_BIT_CONVERSION = YES;
				GCC_WARN_ABOUT_RETURN_TYPE = YES_ERROR;
				GCC_WARN_UNDECLARED_SELECTOR = YES;
				GCC_WARN_UNINITIALIZED_AUTOS = YES_AGGRESSIVE;
				GCC_WARN_UNUSED_FUNCTION = YES;
				GCC_WARN_UNUSED_VARIABLE = YES;
				IPHONEOS_DEPLOYMENT_TARGET = 11.2;
				MTL_ENABLE_DEBUG_INFO = YES;
				ONLY_ACTIVE_ARCH = YES;
				SDKROOT = iphoneos;
				SWIFT_ACTIVE_COMPILATION_CONDITIONS = DEBUG;
				SWIFT_OPTIMIZATION_LEVEL = "-Onone";
			};
			name = Debug;
		};
		9D219A6D21A5CEAB00E6D89A /* Release */ = {
			isa = XCBuildConfiguration;
			buildSettings = {
				ALWAYS_SEARCH_USER_PATHS = NO;
				CLANG_ANALYZER_NONNULL = YES;
				CLANG_ANALYZER_NUMBER_OBJECT_CONVERSION = YES_AGGRESSIVE;
				CLANG_CXX_LANGUAGE_STANDARD = "gnu++14";
				CLANG_CXX_LIBRARY = "libc++";
				CLANG_ENABLE_MODULES = YES;
				CLANG_ENABLE_OBJC_ARC = YES;
				CLANG_WARN_BLOCK_CAPTURE_AUTORELEASING = YES;
				CLANG_WARN_BOOL_CONVERSION = YES;
				CLANG_WARN_COMMA = YES;
				CLANG_WARN_CONSTANT_CONVERSION = YES;
				CLANG_WARN_DIRECT_OBJC_ISA_USAGE = YES_ERROR;
				CLANG_WARN_DOCUMENTATION_COMMENTS = YES;
				CLANG_WARN_EMPTY_BODY = YES;
				CLANG_WARN_ENUM_CONVERSION = YES;
				CLANG_WARN_INFINITE_RECURSION = YES;
				CLANG_WARN_INT_CONVERSION = YES;
				CLANG_WARN_NON_LITERAL_NULL_CONVERSION = YES;
				CLANG_WARN_OBJC_LITERAL_CONVERSION = YES;
				CLANG_WARN_OBJC_ROOT_CLASS = YES_ERROR;
				CLANG_WARN_RANGE_LOOP_ANALYSIS = YES;
				CLANG_WARN_STRICT_PROTOTYPES = YES;
				CLANG_WARN_SUSPICIOUS_MOVE = YES;
				CLANG_WARN_UNGUARDED_AVAILABILITY = YES_AGGRESSIVE;
				CLANG_WARN_UNREACHABLE_CODE = YES;
				CLANG_WARN__DUPLICATE_METHOD_MATCH = YES;
				CODE_SIGN_IDENTITY = "iPhone Developer";
				COPY_PHASE_STRIP = NO;
				DEBUG_INFORMATION_FORMAT = "dwarf-with-dsym";
				ENABLE_NS_ASSERTIONS = NO;
				ENABLE_STRICT_OBJC_MSGSEND = YES;
				GCC_C_LANGUAGE_STANDARD = gnu11;
				GCC_NO_COMMON_BLOCKS = YES;
				GCC_WARN_64_TO_32_BIT_CONVERSION = YES;
				GCC_WARN_ABOUT_RETURN_TYPE = YES_ERROR;
				GCC_WARN_UNDECLARED_SELECTOR = YES;
				GCC_WARN_UNINITIALIZED_AUTOS = YES_AGGRESSIVE;
				GCC_WARN_UNUSED_FUNCTION = YES;
				GCC_WARN_UNUSED_VARIABLE = YES;
				IPHONEOS_DEPLOYMENT_TARGET = 11.2;
				MTL_ENABLE_DEBUG_INFO = NO;
				SDKROOT = iphoneos;
				SWIFT_OPTIMIZATION_LEVEL = "-Owholemodule";
				VALIDATE_PRODUCT = YES;
			};
			name = Release;
		};
		9D219A6F21A5CEAB00E6D89A /* Debug */ = {
			isa = XCBuildConfiguration;
			buildSettings = {
				ASSETCATALOG_COMPILER_APPICON_NAME = AppIcon;
				CODE_SIGN_STYLE = Automatic;
				DEVELOPMENT_TEAM = UABM69ZF9L;
				INFOPLIST_FILE = PokemonGo/Info.plist;
				LD_RUNPATH_SEARCH_PATHS = "$(inherited) @executable_path/Frameworks";
				PRODUCT_BUNDLE_IDENTIFIER = com.alvarado.PokemonGo2;
				PRODUCT_NAME = "$(TARGET_NAME)";
				SWIFT_VERSION = 4.0;
				TARGETED_DEVICE_FAMILY = "1,2";
			};
			name = Debug;
		};
		9D219A7021A5CEAB00E6D89A /* Release */ = {
			isa = XCBuildConfiguration;
			buildSettings = {
				ASSETCATALOG_COMPILER_APPICON_NAME = AppIcon;
				CODE_SIGN_STYLE = Automatic;
				DEVELOPMENT_TEAM = UABM69ZF9L;
				INFOPLIST_FILE = PokemonGo/Info.plist;
				LD_RUNPATH_SEARCH_PATHS = "$(inherited) @executable_path/Frameworks";
				PRODUCT_BUNDLE_IDENTIFIER = com.alvarado.PokemonGo2;
				PRODUCT_NAME = "$(TARGET_NAME)";
				SWIFT_VERSION = 4.0;
				TARGETED_DEVICE_FAMILY = "1,2";
			};
			name = Release;
		};
/* End XCBuildConfiguration section */

/* Begin XCConfigurationList section */
		9D219A5421A5CEAA00E6D89A /* Build configuration list for PBXProject "PokemonGo" */ = {
			isa = XCConfigurationList;
			buildConfigurations = (
				9D219A6C21A5CEAB00E6D89A /* Debug */,
				9D219A6D21A5CEAB00E6D89A /* Release */,
			);
			defaultConfigurationIsVisible = 0;
			defaultConfigurationName = Release;
		};
		9D219A6E21A5CEAB00E6D89A /* Build configuration list for PBXNativeTarget "PokemonGo" */ = {
			isa = XCConfigurationList;
			buildConfigurations = (
				9D219A6F21A5CEAB00E6D89A /* Debug */,
				9D219A7021A5CEAB00E6D89A /* Release */,
			);
			defaultConfigurationIsVisible = 0;
			defaultConfigurationName = Release;
		};
/* End XCConfigurationList section */

/* Begin XCVersionGroup section */
		9D219A6321A5CEAB00E6D89A /* PokemonGo.xcdatamodeld */ = {
			isa = XCVersionGroup;
			children = (
				9D219A6421A5CEAB00E6D89A /* PokemonGo.xcdatamodel */,
			);
			currentVersion = 9D219A6421A5CEAB00E6D89A /* PokemonGo.xcdatamodel */;
			path = PokemonGo.xcdatamodeld;
			sourceTree = "<group>";
			versionGroupType = wrapper.xcdatamodel;
		};
/* End XCVersionGroup section */
	};
	rootObject = 9D219A5121A5CEAA00E6D89A /* Project object */;
}
